lockfileVersion: '6.0'

dependencies:
  '@supabase/supabase-js':
    specifier: ^2.8.0
    version: 2.8.0
  '@syonfox/gpt-3-encoder':
    specifier: github:syonfox/GPT-3-Encoder
    version: github.com/syonfox/GPT-3-Encoder/e2a3f7e402d200a2974e3caf06398c027d5d7aa9
  appwrite:
    specifier: ^10.2.0
    version: 10.2.0
  axios:
    specifier: ^1.3.4
    version: 1.3.4
  buffer:
    specifier: ^6.0.3
    version: 6.0.3
  crc-32:
    specifier: ^1.2.2
    version: 1.2.2
  date-fns:
    specifier: ^2.29.3
    version: 2.29.3
  gptoken:
    specifier: ^0.1.0
    version: 0.1.0
  localforage:
    specifier: ^1.10.0
    version: 1.10.0
  lodash:
    specifier: ^4.17.21
    version: 4.17.21
  match-sorter:
    specifier: ^6.3.1
    version: 6.3.1
  react:
    specifier: ^18.2.0
    version: 18.2.0
  react-dom:
    specifier: ^18.2.0
    version: 18.2.0(react@18.2.0)
  react-hook-form:
    specifier: ^7.43.2
    version: 7.43.2(react@18.2.0)
  react-query:
    specifier: ^3.39.3
    version: 3.39.3(react-dom@18.2.0)(react@18.2.0)
  react-router-dom:
    specifier: ^6.8.1
    version: 6.8.1(react-dom@18.2.0)(react@18.2.0)
  sort-by:
    specifier: ^1.2.0
    version: 1.2.0

devDependencies:
  '@types/react':
    specifier: ^18.0.27
    version: 18.0.27
  '@types/react-dom':
    specifier: ^18.0.10
    version: 18.0.10
  '@vitejs/plugin-react-swc':
    specifier: ^3.0.0
    version: 3.0.0(vite@4.1.0)
  typescript:
    specifier: ^4.9.3
    version: 4.9.3
  vite:
    specifier: ^4.1.0
    version: 4.1.0

packages:

  /@babel/runtime@7.21.0:
    resolution: {integrity: sha512-xwII0//EObnq89Ji5AKYQaRYiW/nZ3llSv29d49IuxPhKbtJoLP+9QUUZ4nVragQVtaVGeZrpB+ZtG/Pdy/POw==}
    engines: {node: '>=6.9.0'}
    dependencies:
      regenerator-runtime: 0.13.11
    dev: false

  /@esbuild/android-arm64@0.16.17:
    resolution: {integrity: sha512-MIGl6p5sc3RDTLLkYL1MyL8BMRN4tLMRCn+yRJJmEDvYZ2M7tmAf80hx1kbNEUX2KJ50RRtxZ4JHLvCfuB6kBg==}
    engines: {node: '>=12'}
    cpu: [arm64]
    os: [android]
    requiresBuild: true
    dev: true
    optional: true

  /@esbuild/android-arm@0.16.17:
    resolution: {integrity: sha512-N9x1CMXVhtWEAMS7pNNONyA14f71VPQN9Cnavj1XQh6T7bskqiLLrSca4O0Vr8Wdcga943eThxnVp3JLnBMYtw==}
    engines: {node: '>=12'}
    cpu: [arm]
    os: [android]
    requiresBuild: true
    dev: true
    optional: true

  /@esbuild/android-x64@0.16.17:
    resolution: {integrity: sha512-a3kTv3m0Ghh4z1DaFEuEDfz3OLONKuFvI4Xqczqx4BqLyuFaFkuaG4j2MtA6fuWEFeC5x9IvqnX7drmRq/fyAQ==}
    engines: {node: '>=12'}
    cpu: [x64]
    os: [android]
    requiresBuild: true
    dev: true
    optional: true

  /@esbuild/darwin-arm64@0.16.17:
    resolution: {integrity: sha512-/2agbUEfmxWHi9ARTX6OQ/KgXnOWfsNlTeLcoV7HSuSTv63E4DqtAc+2XqGw1KHxKMHGZgbVCZge7HXWX9Vn+w==}
    engines: {node: '>=12'}
    cpu: [arm64]
    os: [darwin]
    requiresBuild: true
    dev: true
    optional: true

  /@esbuild/darwin-x64@0.16.17:
    resolution: {integrity: sha512-2By45OBHulkd9Svy5IOCZt376Aa2oOkiE9QWUK9fe6Tb+WDr8hXL3dpqi+DeLiMed8tVXspzsTAvd0jUl96wmg==}
    engines: {node: '>=12'}
    cpu: [x64]
    os: [darwin]
    requiresBuild: true
    dev: true
    optional: true

  /@esbuild/freebsd-arm64@0.16.17:
    resolution: {integrity: sha512-mt+cxZe1tVx489VTb4mBAOo2aKSnJ33L9fr25JXpqQqzbUIw/yzIzi+NHwAXK2qYV1lEFp4OoVeThGjUbmWmdw==}
    engines: {node: '>=12'}
    cpu: [arm64]
    os: [freebsd]
    requiresBuild: true
    dev: true
    optional: true

  /@esbuild/freebsd-x64@0.16.17:
    resolution: {integrity: sha512-8ScTdNJl5idAKjH8zGAsN7RuWcyHG3BAvMNpKOBaqqR7EbUhhVHOqXRdL7oZvz8WNHL2pr5+eIT5c65kA6NHug==}
    engines: {node: '>=12'}
    cpu: [x64]
    os: [freebsd]
    requiresBuild: true
    dev: true
    optional: true

  /@esbuild/linux-arm64@0.16.17:
    resolution: {integrity: sha512-7S8gJnSlqKGVJunnMCrXHU9Q8Q/tQIxk/xL8BqAP64wchPCTzuM6W3Ra8cIa1HIflAvDnNOt2jaL17vaW+1V0g==}
    engines: {node: '>=12'}
    cpu: [arm64]
    os: [linux]
    requiresBuild: true
    dev: true
    optional: true

  /@esbuild/linux-arm@0.16.17:
    resolution: {integrity: sha512-iihzrWbD4gIT7j3caMzKb/RsFFHCwqqbrbH9SqUSRrdXkXaygSZCZg1FybsZz57Ju7N/SHEgPyaR0LZ8Zbe9gQ==}
    engines: {node: '>=12'}
    cpu: [arm]
    os: [linux]
    requiresBuild: true
    dev: true
    optional: true

  /@esbuild/linux-ia32@0.16.17:
    resolution: {integrity: sha512-kiX69+wcPAdgl3Lonh1VI7MBr16nktEvOfViszBSxygRQqSpzv7BffMKRPMFwzeJGPxcio0pdD3kYQGpqQ2SSg==}
    engines: {node: '>=12'}
    cpu: [ia32]
    os: [linux]
    requiresBuild: true
    dev: true
    optional: true

  /@esbuild/linux-loong64@0.16.17:
    resolution: {integrity: sha512-dTzNnQwembNDhd654cA4QhbS9uDdXC3TKqMJjgOWsC0yNCbpzfWoXdZvp0mY7HU6nzk5E0zpRGGx3qoQg8T2DQ==}
    engines: {node: '>=12'}
    cpu: [loong64]
    os: [linux]
    requiresBuild: true
    dev: true
    optional: true

  /@esbuild/linux-mips64el@0.16.17:
    resolution: {integrity: sha512-ezbDkp2nDl0PfIUn0CsQ30kxfcLTlcx4Foz2kYv8qdC6ia2oX5Q3E/8m6lq84Dj/6b0FrkgD582fJMIfHhJfSw==}
    engines: {node: '>=12'}
    cpu: [mips64el]
    os: [linux]
    requiresBuild: true
    dev: true
    optional: true

  /@esbuild/linux-ppc64@0.16.17:
    resolution: {integrity: sha512-dzS678gYD1lJsW73zrFhDApLVdM3cUF2MvAa1D8K8KtcSKdLBPP4zZSLy6LFZ0jYqQdQ29bjAHJDgz0rVbLB3g==}
    engines: {node: '>=12'}
    cpu: [ppc64]
    os: [linux]
    requiresBuild: true
    dev: true
    optional: true

  /@esbuild/linux-riscv64@0.16.17:
    resolution: {integrity: sha512-ylNlVsxuFjZK8DQtNUwiMskh6nT0vI7kYl/4fZgV1llP5d6+HIeL/vmmm3jpuoo8+NuXjQVZxmKuhDApK0/cKw==}
    engines: {node: '>=12'}
    cpu: [riscv64]
    os: [linux]
    requiresBuild: true
    dev: true
    optional: true

  /@esbuild/linux-s390x@0.16.17:
    resolution: {integrity: sha512-gzy7nUTO4UA4oZ2wAMXPNBGTzZFP7mss3aKR2hH+/4UUkCOyqmjXiKpzGrY2TlEUhbbejzXVKKGazYcQTZWA/w==}
    engines: {node: '>=12'}
    cpu: [s390x]
    os: [linux]
    requiresBuild: true
    dev: true
    optional: true

  /@esbuild/linux-x64@0.16.17:
    resolution: {integrity: sha512-mdPjPxfnmoqhgpiEArqi4egmBAMYvaObgn4poorpUaqmvzzbvqbowRllQ+ZgzGVMGKaPkqUmPDOOFQRUFDmeUw==}
    engines: {node: '>=12'}
    cpu: [x64]
    os: [linux]
    requiresBuild: true
    dev: true
    optional: true

  /@esbuild/netbsd-x64@0.16.17:
    resolution: {integrity: sha512-/PzmzD/zyAeTUsduZa32bn0ORug+Jd1EGGAUJvqfeixoEISYpGnAezN6lnJoskauoai0Jrs+XSyvDhppCPoKOA==}
    engines: {node: '>=12'}
    cpu: [x64]
    os: [netbsd]
    requiresBuild: true
    dev: true
    optional: true

  /@esbuild/openbsd-x64@0.16.17:
    resolution: {integrity: sha512-2yaWJhvxGEz2RiftSk0UObqJa/b+rIAjnODJgv2GbGGpRwAfpgzyrg1WLK8rqA24mfZa9GvpjLcBBg8JHkoodg==}
    engines: {node: '>=12'}
    cpu: [x64]
    os: [openbsd]
    requiresBuild: true
    dev: true
    optional: true

  /@esbuild/sunos-x64@0.16.17:
    resolution: {integrity: sha512-xtVUiev38tN0R3g8VhRfN7Zl42YCJvyBhRKw1RJjwE1d2emWTVToPLNEQj/5Qxc6lVFATDiy6LjVHYhIPrLxzw==}
    engines: {node: '>=12'}
    cpu: [x64]
    os: [sunos]
    requiresBuild: true
    dev: true
    optional: true

  /@esbuild/win32-arm64@0.16.17:
    resolution: {integrity: sha512-ga8+JqBDHY4b6fQAmOgtJJue36scANy4l/rL97W+0wYmijhxKetzZdKOJI7olaBaMhWt8Pac2McJdZLxXWUEQw==}
    engines: {node: '>=12'}
    cpu: [arm64]
    os: [win32]
    requiresBuild: true
    dev: true
    optional: true

  /@esbuild/win32-ia32@0.16.17:
    resolution: {integrity: sha512-WnsKaf46uSSF/sZhwnqE4L/F89AYNMiD4YtEcYekBt9Q7nj0DiId2XH2Ng2PHM54qi5oPrQ8luuzGszqi/veig==}
    engines: {node: '>=12'}
    cpu: [ia32]
    os: [win32]
    requiresBuild: true
    dev: true
    optional: true

  /@esbuild/win32-x64@0.16.17:
    resolution: {integrity: sha512-y+EHuSchhL7FjHgvQL/0fnnFmO4T1bhvWANX6gcnqTjtnKWbTvUMCpGnv2+t+31d7RzyEAYAd4u2fnIhHL6N/Q==}
    engines: {node: '>=12'}
    cpu: [x64]
    os: [win32]
    requiresBuild: true
    dev: true
    optional: true

  /@remix-run/router@1.3.2:
    resolution: {integrity: sha512-t54ONhl/h75X94SWsHGQ4G/ZrCEguKSRQr7DrjTciJXW0YU1QhlwYeycvK5JgkzlxmvrK7wq1NB/PLtHxoiDcA==}
    engines: {node: '>=14'}
    dev: false

  /@supabase/functions-js@2.1.0:
    resolution: {integrity: sha512-vRziB+AqRXRaGHjEFHwBo0kuNDTuAxI7VUeqU24Fe86ISoD8YEQm0dGdpleJEcqgDGWaO6pxT1tfj1BRY5PwMg==}
    dependencies:
      cross-fetch: 3.1.5
    transitivePeerDependencies:
      - encoding
    dev: false

  /@supabase/gotrue-js@2.16.0:
    resolution: {integrity: sha512-k7curH5xxnQmUiG8AeFW7KEJST99vhFnBCidWFhuSSyLP1Ja8Ix3g4bmLUv209mhX8LmAaDMGKNQs8gG0MOKCw==}
    dependencies:
      cross-fetch: 3.1.5
    transitivePeerDependencies:
      - encoding
    dev: false

  /@supabase/postgrest-js@1.4.1:
    resolution: {integrity: sha512-aruqwV/aTggkM7OVv2JinCeXmRMKHJCZpkuS1nuoa0NgLw7g3NyILSyWOKYTBJ/PxE/zXtWsBhdxFzaaNz5uxg==}
    dependencies:
      cross-fetch: 3.1.5
    transitivePeerDependencies:
      - encoding
    dev: false

  /@supabase/realtime-js@2.7.1:
    resolution: {integrity: sha512-WC0yPArBF/wPXwxKWTrRSMWWnFQCbhhUsX0u42x4OqUdDJtow6rzvDIZHWFZLh85UUBYIQ2++AabSNgzd3ubQg==}
    dependencies:
      '@types/phoenix': 1.5.5
      '@types/websocket': 1.0.5
      websocket: 1.0.34
    transitivePeerDependencies:
      - supports-color
    dev: false

  /@supabase/storage-js@2.3.1:
    resolution: {integrity: sha512-BaPIvyvjuZW1V0CnfGKUZyzpBUXnsh0XD8eqTOYd+MdiGPmIPI0vtwnT4fAoK8mipp1vpcN62EVQaqeUnWXPtQ==}
    dependencies:
      cross-fetch: 3.1.5
    transitivePeerDependencies:
      - encoding
    dev: false

  /@supabase/supabase-js@2.8.0:
    resolution: {integrity: sha512-uzf4J+qAKdUMhB2tnJl6BrQRUQBinwjJ2eWo2ZsDw9EUUP5JcHsxTamiq6p91DpqzmTIRg3xRAT+bItTzbfa0w==}
    dependencies:
      '@supabase/functions-js': 2.1.0
      '@supabase/gotrue-js': 2.16.0
      '@supabase/postgrest-js': 1.4.1
      '@supabase/realtime-js': 2.7.1
      '@supabase/storage-js': 2.3.1
      cross-fetch: 3.1.5
    transitivePeerDependencies:
      - encoding
      - supports-color
    dev: false

  /@swc/core-darwin-arm64@1.3.42:
    resolution: {integrity: sha512-hM6RrZFyoCM9mX3cj/zM5oXwhAqjUdOCLXJx7KTQps7NIkv/Qjvobgvyf2gAb89j3ARNo9NdIoLjTjJ6oALtiA==}
    engines: {node: '>=10'}
    cpu: [arm64]
    os: [darwin]
    requiresBuild: true
    dev: true
    optional: true

  /@swc/core-darwin-x64@1.3.42:
    resolution: {integrity: sha512-bjsWtHMb6wJK1+RGlBs2USvgZ0txlMk11y0qBLKo32gLKTqzUwRw0Fmfzuf6Ue2a/w//7eqMlPFEre4LvJajGw==}
    engines: {node: '>=10'}
    cpu: [x64]
    os: [darwin]
    requiresBuild: true
    dev: true
    optional: true

  /@swc/core-linux-arm-gnueabihf@1.3.42:
    resolution: {integrity: sha512-Oe0ggMz3MyqXNfeVmY+bBTL0hFSNY3bx8dhcqsh4vXk/ZVGse94QoC4dd92LuPHmKT0x6nsUzB86x2jU9QHW5g==}
    engines: {node: '>=10'}
    cpu: [arm]
    os: [linux]
    requiresBuild: true
    dev: true
    optional: true

  /@swc/core-linux-arm64-gnu@1.3.42:
    resolution: {integrity: sha512-ZJsa8NIW1RLmmHGTJCbM7OPSbBZ9rOMrLqDtUOGrT0uoJXZnnQqolflamB5wviW0X6h3Z3/PSTNGNDCJ3u3Lqg==}
    engines: {node: '>=10'}
    cpu: [arm64]
    os: [linux]
    requiresBuild: true
    dev: true
    optional: true

  /@swc/core-linux-arm64-musl@1.3.42:
    resolution: {integrity: sha512-YpZwlFAfOp5vkm/uVUJX1O7N3yJDO1fDQRWqsOPPNyIJkI2ydlRQtgN6ZylC159Qv+TimfXnGTlNr7o3iBAqjg==}
    engines: {node: '>=10'}
    cpu: [arm64]
    os: [linux]
    requiresBuild: true
    dev: true
    optional: true

  /@swc/core-linux-x64-gnu@1.3.42:
    resolution: {integrity: sha512-0ccpKnsZbyHBzaQFdP8U9i29nvOfKitm6oJfdJzlqsY/jCqwvD8kv2CAKSK8WhJz//ExI2LqNrDI0yazx5j7+A==}
    engines: {node: '>=10'}
    cpu: [x64]
    os: [linux]
    requiresBuild: true
    dev: true
    optional: true

  /@swc/core-linux-x64-musl@1.3.42:
    resolution: {integrity: sha512-7eckRRuTZ6+3K21uyfXXgc2ZCg0mSWRRNwNT3wap2bYkKPeqTgb8pm8xYSZNEiMuDonHEat6XCCV36lFY6kOdQ==}
    engines: {node: '>=10'}
    cpu: [x64]
    os: [linux]
    requiresBuild: true
    dev: true
    optional: true

  /@swc/core-win32-arm64-msvc@1.3.42:
    resolution: {integrity: sha512-t27dJkdw0GWANdN4TV0lY/V5vTYSx5SRjyzzZolep358ueCGuN1XFf1R0JcCbd1ojosnkQg2L7A7991UjXingg==}
    engines: {node: '>=10'}
    cpu: [arm64]
    os: [win32]
    requiresBuild: true
    dev: true
    optional: true

  /@swc/core-win32-ia32-msvc@1.3.42:
    resolution: {integrity: sha512-xfpc/Zt/aMILX4IX0e3loZaFyrae37u3MJCv1gJxgqrpeLi7efIQr3AmERkTK3mxTO6R5urSliWw2W3FyZ7D3Q==}
    engines: {node: '>=10'}
    cpu: [ia32]
    os: [win32]
    requiresBuild: true
    dev: true
    optional: true

  /@swc/core-win32-x64-msvc@1.3.42:
    resolution: {integrity: sha512-ra2K4Tu++EJLPhzZ6L8hWUsk94TdK/2UKhL9dzCBhtzKUixsGCEqhtqH1zISXNvW8qaVLFIMUP37ULe80/IJaA==}
    engines: {node: '>=10'}
    cpu: [x64]
    os: [win32]
    requiresBuild: true
    dev: true
    optional: true

  /@swc/core@1.3.42:
    resolution: {integrity: sha512-nVFUd5+7tGniM2cT3LXaqnu3735Cu4az8A9gAKK+8sdpASI52SWuqfDBmjFCK9xG90MiVDVp2PTZr0BWqCIzpw==}
    engines: {node: '>=10'}
    requiresBuild: true
    optionalDependencies:
      '@swc/core-darwin-arm64': 1.3.42
      '@swc/core-darwin-x64': 1.3.42
      '@swc/core-linux-arm-gnueabihf': 1.3.42
      '@swc/core-linux-arm64-gnu': 1.3.42
      '@swc/core-linux-arm64-musl': 1.3.42
      '@swc/core-linux-x64-gnu': 1.3.42
      '@swc/core-linux-x64-musl': 1.3.42
      '@swc/core-win32-arm64-msvc': 1.3.42
      '@swc/core-win32-ia32-msvc': 1.3.42
      '@swc/core-win32-x64-msvc': 1.3.42
    dev: true

  /@types/node@18.15.11:
    resolution: {integrity: sha512-E5Kwq2n4SbMzQOn6wnmBjuK9ouqlURrcZDVfbo9ftDDTFt3nk7ZKK4GMOzoYgnpQJKcxwQw+lGaBvvlMo0qN/Q==}
    dev: false

  /@types/phoenix@1.5.5:
    resolution: {integrity: sha512-1eWWT19k0L4ZiTvdXjAvJ9KvW0B8SdiVftQmFPJGTEx78Q4PCSIQDpz+EfkFVR1N4U9gREjlW4JXL8YCIlY0bw==}
    dev: false

  /@types/prop-types@15.7.5:
    resolution: {integrity: sha512-JCB8C6SnDoQf0cNycqd/35A7MjcnK+ZTqE7judS6o7utxUCg6imJg3QK2qzHKszlTjcj2cn+NwMB2i96ubpj7w==}
    dev: true

  /@types/react-dom@18.0.10:
    resolution: {integrity: sha512-E42GW/JA4Qv15wQdqJq8DL4JhNpB3prJgjgapN3qJT9K2zO5IIAQh4VXvCEDupoqAwnz0cY4RlXeC/ajX5SFHg==}
    dependencies:
      '@types/react': 18.0.27
    dev: true

  /@types/react@18.0.27:
    resolution: {integrity: sha512-3vtRKHgVxu3Jp9t718R9BuzoD4NcQ8YJ5XRzsSKxNDiDonD2MXIT1TmSkenxuCycZJoQT5d2vE8LwWJxBC1gmA==}
    dependencies:
      '@types/prop-types': 15.7.5
      '@types/scheduler': 0.16.3
      csstype: 3.1.1
    dev: true

  /@types/scheduler@0.16.3:
    resolution: {integrity: sha512-5cJ8CB4yAx7BH1oMvdU0Jh9lrEXyPkar6F9G/ERswkCuvP4KQZfZkSjcMbAICCpQTN4OuZn8tz0HiKv9TGZgrQ==}
    dev: true

  /@types/websocket@1.0.5:
    resolution: {integrity: sha512-NbsqiNX9CnEfC1Z0Vf4mE1SgAJ07JnRYcNex7AJ9zAVzmiGHmjKFEk7O4TJIsgv2B1sLEb6owKFZrACwdYngsQ==}
    dependencies:
      '@types/node': 18.15.11
    dev: false

  /@vitejs/plugin-react-swc@3.0.0(vite@4.1.0):
    resolution: {integrity: sha512-vYlodz/mjYRbxMGbHzDgR8aPR+z8n7K/enWkyBGH096xrL2DIPCuTvQVRYPTXGyy6wO7OFiMxZ3r4nKQD1sH0A==}
    peerDependencies:
      vite: ^4.0.0
    dependencies:
      '@swc/core': 1.3.42
      vite: 4.1.0
    dev: true

  /appwrite@10.2.0:
    resolution: {integrity: sha512-1cQoFWj9XlbfFP2heq5phRGjXtygpnJZY3MsAN8IWJuPvCKcVxq7Ntkz7IZm48OhLe74ByMvHCSLcOZ2BD1VsQ==}
    dependencies:
      cross-fetch: 3.1.5
      isomorphic-form-data: 2.0.0
    transitivePeerDependencies:
      - encoding
    dev: false

  /asynckit@0.4.0:
    resolution: {integrity: sha512-Oei9OH4tRh0YqU3GxhX79dM/mwVgvbZJaSNaRk+bshkj0S5cfHcgYakreBjrHwatXKbz+IoIdYLxrKim2MjW0Q==}
    dev: false

  /axios@1.3.4:
    resolution: {integrity: sha512-toYm+Bsyl6VC5wSkfkbbNB6ROv7KY93PEBBL6xyDczaIHasAiv4wPqQ/c4RjoQzipxRD2W5g21cOqQulZ7rHwQ==}
    dependencies:
      follow-redirects: 1.15.2
      form-data: 4.0.0
      proxy-from-env: 1.1.0
    transitivePeerDependencies:
      - debug
    dev: false

  /balanced-match@1.0.2:
    resolution: {integrity: sha512-3oSeUO0TMV67hN1AmbXsK4yaqU7tjiHlbxRDZOpH0KW9+CeX4bRAaX0Anxt0tx2MrpRpWwQaPwIlISEJhYU5Pw==}
    dev: false

  /base64-js@1.5.1:
    resolution: {integrity: sha512-AKpaYlHn8t4SVbOHCy+b5+KKgvR4vrsD8vbvrbiQJps7fKDTkjkDry6ji0rUJjC0kzbNePLwzxq8iypo41qeWA==}
    dev: false

  /big-integer@1.6.51:
    resolution: {integrity: sha512-GPEid2Y9QU1Exl1rpO9B2IPJGHPSupF5GnVIP0blYvNOMer2bTvSWs1jGOUg04hTmu67nmLsQ9TBo1puaotBHg==}
    engines: {node: '>=0.6'}
    dev: false

  /brace-expansion@1.1.11:
    resolution: {integrity: sha512-iCuPHDFgrHX7H2vEI/5xpz07zSHB00TpugqhmYtVmMO6518mCuRMoOYFldEBl0g187ufozdaHgWKcYFb61qGiA==}
    dependencies:
      balanced-match: 1.0.2
      concat-map: 0.0.1
    dev: false

  /broadcast-channel@3.7.0:
    resolution: {integrity: sha512-cIAKJXAxGJceNZGTZSBzMxzyOn72cVgPnKx4dc6LRjQgbaJUQqhy5rzL3zbMxkMWsGKkv2hSFkPRMEXfoMZ2Mg==}
    dependencies:
      '@babel/runtime': 7.21.0
      detect-node: 2.1.0
      js-sha3: 0.8.0
      microseconds: 0.2.0
      nano-time: 1.0.0
      oblivious-set: 1.0.0
      rimraf: 3.0.2
      unload: 2.2.0
    dev: false

  /buffer@6.0.3:
    resolution: {integrity: sha512-FTiCpNxtwiZZHEZbcbTIcZjERVICn9yq/pDFkTl95/AxzD1naBctN7YO68riM/gLSDY7sdrMby8hofADYuuqOA==}
    dependencies:
      base64-js: 1.5.1
      ieee754: 1.2.1
    dev: false

  /bufferutil@4.0.7:
    resolution: {integrity: sha512-kukuqc39WOHtdxtw4UScxF/WVnMFVSQVKhtx3AjZJzhd0RGZZldcrfSEbVsWWe6KNH253574cq5F+wpv0G9pJw==}
    engines: {node: '>=6.14.2'}
    requiresBuild: true
    dependencies:
      node-gyp-build: 4.6.0
    dev: false

  /combined-stream@1.0.8:
    resolution: {integrity: sha512-FQN4MRfuJeHf7cBbBMJFXhKSDq+2kAArBlmRBvcvFE5BB1HZKXtSFASDhdlz9zOYwxh8lDdnvmMOe/+5cdoEdg==}
    engines: {node: '>= 0.8'}
    dependencies:
      delayed-stream: 1.0.0
    dev: false

  /concat-map@0.0.1:
    resolution: {integrity: sha512-/Srv4dswyQNBfohGpz9o6Yb3Gz3SrUDqBH5rTuhGR7ahtlbYKnVxw2bCFMRljaA7EXHaXZ8wsHdodFvbkhKmqg==}
    dev: false

  /crc-32@1.2.2:
    resolution: {integrity: sha512-ROmzCKrTnOwybPcJApAA6WBWij23HVfGVNKqqrZpuyZOHqK2CwHSvpGuyt/UNNvaIjEd8X5IFGp4Mh+Ie1IHJQ==}
    engines: {node: '>=0.8'}
    hasBin: true
    dev: false

  /cross-fetch@3.1.5:
    resolution: {integrity: sha512-lvb1SBsI0Z7GDwmuid+mU3kWVBwTVUbe7S0H52yaaAdQOXq2YktTCZdlAcNKFzE6QtRz0snpw9bNiPeOIkkQvw==}
    dependencies:
      node-fetch: 2.6.7
    transitivePeerDependencies:
      - encoding
    dev: false

  /csstype@3.1.1:
    resolution: {integrity: sha512-DJR/VvkAvSZW9bTouZue2sSxDwdTN92uHjqeKVm+0dAqdfNykRzQ95tay8aXMBAAPpUiq4Qcug2L7neoRh2Egw==}
    dev: true

  /d@1.0.1:
    resolution: {integrity: sha512-m62ShEObQ39CfralilEQRjH6oAMtNCV1xJyEx5LpRYUVN+EviphDgUc/F3hnYbADmkiNs67Y+3ylmlG7Lnu+FA==}
    dependencies:
      es5-ext: 0.10.62
      type: 1.2.0
    dev: false

  /date-fns@2.29.3:
    resolution: {integrity: sha512-dDCnyH2WnnKusqvZZ6+jA1O51Ibt8ZMRNkDZdyAyK4YfbDwa/cEmuztzG5pk6hqlp9aSBPYcjOlktquahGwGeA==}
    engines: {node: '>=0.11'}
    dev: false

  /debug@2.6.9:
    resolution: {integrity: sha512-bC7ElrdJaJnPbAP+1EotYvqZsb3ecl5wi6Bfi6BJTUcNowp6cvspg0jXznRTKDjm/E7AdgFBVeAPVMNcKGsHMA==}
    peerDependencies:
      supports-color: '*'
    peerDependenciesMeta:
      supports-color:
        optional: true
    dependencies:
      ms: 2.0.0
    dev: false

  /delayed-stream@1.0.0:
    resolution: {integrity: sha512-ZySD7Nf91aLB0RxL4KGrKHBXl7Eds1DAmEdcoVawXnLD7SDhpNgtuII2aAkg7a7QS41jxPSZ17p4VdGnMHk3MQ==}
    engines: {node: '>=0.4.0'}
    dev: false

  /detect-node@2.1.0:
    resolution: {integrity: sha512-T0NIuQpnTvFDATNuHN5roPwSBG83rFsuO+MXXH9/3N1eFbn4wcPjttvjMLEPWJ0RGUYgQE7cGgS3tNxbqCGM7g==}
    dev: false

  /es5-ext@0.10.62:
    resolution: {integrity: sha512-BHLqn0klhEpnOKSrzn/Xsz2UIW8j+cGmo9JLzr8BiUapV8hPL9+FliFqjwr9ngW7jWdnxv6eO+/LqyhJVqgrjA==}
    engines: {node: '>=0.10'}
    requiresBuild: true
    dependencies:
      es6-iterator: 2.0.3
      es6-symbol: 3.1.3
      next-tick: 1.1.0
    dev: false

  /es6-iterator@2.0.3:
    resolution: {integrity: sha512-zw4SRzoUkd+cl+ZoE15A9o1oQd920Bb0iOJMQkQhl3jNc03YqVjAhG7scf9C5KWRU/R13Orf588uCC6525o02g==}
    dependencies:
      d: 1.0.1
      es5-ext: 0.10.62
      es6-symbol: 3.1.3
    dev: false

  /es6-symbol@3.1.3:
    resolution: {integrity: sha512-NJ6Yn3FuDinBaBRWl/q5X/s4koRHBrgKAu+yGI6JCBeiu3qrcbJhwT2GeR/EXVfylRk8dpQVJoLEFhK+Mu31NA==}
    dependencies:
      d: 1.0.1
      ext: 1.7.0
    dev: false

  /esbuild@0.16.17:
    resolution: {integrity: sha512-G8LEkV0XzDMNwXKgM0Jwu3nY3lSTwSGY6XbxM9cr9+s0T/qSV1q1JVPBGzm3dcjhCic9+emZDmMffkwgPeOeLg==}
    engines: {node: '>=12'}
    hasBin: true
    requiresBuild: true
    optionalDependencies:
      '@esbuild/android-arm': 0.16.17
      '@esbuild/android-arm64': 0.16.17
      '@esbuild/android-x64': 0.16.17
      '@esbuild/darwin-arm64': 0.16.17
      '@esbuild/darwin-x64': 0.16.17
      '@esbuild/freebsd-arm64': 0.16.17
      '@esbuild/freebsd-x64': 0.16.17
      '@esbuild/linux-arm': 0.16.17
      '@esbuild/linux-arm64': 0.16.17
      '@esbuild/linux-ia32': 0.16.17
      '@esbuild/linux-loong64': 0.16.17
      '@esbuild/linux-mips64el': 0.16.17
      '@esbuild/linux-ppc64': 0.16.17
      '@esbuild/linux-riscv64': 0.16.17
      '@esbuild/linux-s390x': 0.16.17
      '@esbuild/linux-x64': 0.16.17
      '@esbuild/netbsd-x64': 0.16.17
      '@esbuild/openbsd-x64': 0.16.17
      '@esbuild/sunos-x64': 0.16.17
      '@esbuild/win32-arm64': 0.16.17
      '@esbuild/win32-ia32': 0.16.17
      '@esbuild/win32-x64': 0.16.17
    dev: true

  /ext@1.7.0:
    resolution: {integrity: sha512-6hxeJYaL110a9b5TEJSj0gojyHQAmA2ch5Os+ySCiA1QGdS697XWY1pzsrSjqA9LDEEgdB/KypIlR59RcLuHYw==}
    dependencies:
      type: 2.7.2
    dev: false

  /follow-redirects@1.15.2:
    resolution: {integrity: sha512-VQLG33o04KaQ8uYi2tVNbdrWp1QWxNNea+nmIB4EVM28v0hmP17z7aG1+wAkNzVq4KeXTq3221ye5qTJP91JwA==}
    engines: {node: '>=4.0'}
    peerDependencies:
      debug: '*'
    peerDependenciesMeta:
      debug:
        optional: true
    dev: false

  /form-data@2.5.1:
    resolution: {integrity: sha512-m21N3WOmEEURgk6B9GLOE4RuWOFf28Lhh9qGYeNlGq4VDXUlJy2th2slBNU8Gp8EzloYZOibZJ7t5ecIrFSjVA==}
    engines: {node: '>= 0.12'}
    dependencies:
      asynckit: 0.4.0
      combined-stream: 1.0.8
      mime-types: 2.1.35
    dev: false

  /form-data@4.0.0:
    resolution: {integrity: sha512-ETEklSGi5t0QMZuiXoA/Q6vcnxcLQP5vdugSpuAyi6SVGi2clPPp+xgEhuMaHC+zGgn31Kd235W35f7Hykkaww==}
    engines: {node: '>= 6'}
    dependencies:
      asynckit: 0.4.0
      combined-stream: 1.0.8
      mime-types: 2.1.35
    dev: false

  /fs.realpath@1.0.0:
    resolution: {integrity: sha512-OO0pH2lK6a0hZnAdau5ItzHPI6pUlvI7jMVnxUQRtw4owF2wk8lOSabtGDCTP4Ggrg2MbGnWO9X8K1t4+fGMDw==}
    dev: false

  /fsevents@2.3.2:
    resolution: {integrity: sha512-xiqMQR4xAeHTuB9uWm+fFRcIOgKBMiOBP+eXiyT7jsgVCq1bkVygt00oASowB7EdtpOHaaPgKt812P9ab+DDKA==}
    engines: {node: ^8.16.0 || ^10.6.0 || >=11.0.0}
    os: [darwin]
    requiresBuild: true
    dev: true
    optional: true

  /function-bind@1.1.1:
    resolution: {integrity: sha512-yIovAzMX49sF8Yl58fSCWJ5svSLuaibPxXQJFLmBObTuCr0Mf1KiPopGM9NiFjiYBCbfaa2Fh6breQ6ANVTI0A==}
    dev: true

  /glob@7.2.3:
    resolution: {integrity: sha512-nFR0zLpU2YCaRxwoCJvL6UvCH2JFyFVIvwTLsIf21AuHlMskA1hhTdk+LlYJtOlYt9v6dvszD2BGRqBL+iQK9Q==}
    dependencies:
      fs.realpath: 1.0.0
      inflight: 1.0.6
      inherits: 2.0.4
      minimatch: 3.1.2
      once: 1.4.0
      path-is-absolute: 1.0.1
    dev: false

  /gptoken@0.1.0:
    resolution: {integrity: sha512-eJt7fqSVPmqyExwP++Brj2YmoucT4+Z6bbAOZJ1BBrTD/8Xr8j1flaTrQqg526Efp1LziXMBxIw+TNaUXfoH5A==}
    dev: false

  /has@1.0.3:
    resolution: {integrity: sha512-f2dvO0VU6Oej7RkWJGrehjbzMAjFp5/VKPp5tTpWIV4JHHZK1/BxbFRtf/siA2SWTe09caDmVtYYzWEIbBS4zw==}
    engines: {node: '>= 0.4.0'}
    dependencies:
      function-bind: 1.1.1
    dev: true

  /ieee754@1.2.1:
    resolution: {integrity: sha512-dcyqhDvX1C46lXZcVqCpK+FtMRQVdIMN6/Df5js2zouUsqG7I6sFxitIC+7KYK29KdXOLHdu9zL4sFnoVQnqaA==}
    dev: false

  /immediate@3.0.6:
    resolution: {integrity: sha512-XXOFtyqDjNDAQxVfYxuF7g9Il/IbWmmlQg2MYKOH8ExIT1qg6xc4zyS3HaEEATgs1btfzxq15ciUiY7gjSXRGQ==}
    dev: false

  /inflight@1.0.6:
    resolution: {integrity: sha512-k92I/b08q4wvFscXCLvqfsHCrjrF7yiXsQuIVvVE7N82W3+aqpzuUdBbfhWcy/FZR3/4IgflMgKLOsvPDrGCJA==}
    dependencies:
      once: 1.4.0
      wrappy: 1.0.2
    dev: false

  /inherits@2.0.4:
    resolution: {integrity: sha512-k/vGaX4/Yla3WzyMCvTQOXYeIHvqOKtnqBduzTHpzpQZzAskKMhZ2K+EnBiSM9zGSoIFeMpXKxa4dYeZIQqewQ==}
    dev: false

  /is-core-module@2.11.0:
    resolution: {integrity: sha512-RRjxlvLDkD1YJwDbroBHMb+cukurkDWNyHx7D3oNB5x9rb5ogcksMC5wHCadcXoo67gVr/+3GFySh3134zi6rw==}
    dependencies:
      has: 1.0.3
    dev: true

  /is-typedarray@1.0.0:
    resolution: {integrity: sha512-cyA56iCMHAh5CdzjJIa4aohJyeO1YbwLi3Jc35MmRU6poroFjIGZzUzupGiRPOjgHg9TLu43xbpwXk523fMxKA==}
    dev: false

  /isomorphic-form-data@2.0.0:
    resolution: {integrity: sha512-TYgVnXWeESVmQSg4GLVbalmQ+B4NPi/H4eWxqALKj63KsUrcu301YDjBqaOw3h+cbak7Na4Xyps3BiptHtxTfg==}
    dependencies:
      form-data: 2.5.1
    dev: false

  /js-sha3@0.8.0:
    resolution: {integrity: sha512-gF1cRrHhIzNfToc802P800N8PpXS+evLLXfsVpowqmAFR9uwbi89WvXg2QspOmXL8QL86J4T1EpFu+yUkwJY3Q==}
    dev: false

  /js-tokens@4.0.0:
    resolution: {integrity: sha512-RdJUflcE3cUzKiMqQgsCu06FPu9UdIJO0beYbPhHN4k6apgJtifcoCtT9bcxOpYBtpD2kCM6Sbzg4CausW/PKQ==}
    dev: false

  /lie@3.1.1:
    resolution: {integrity: sha512-RiNhHysUjhrDQntfYSfY4MU24coXXdEOgw9WGcKHNeEwffDYbF//u87M1EWaMGzuFoSbqW0C9C6lEEhDOAswfw==}
    dependencies:
      immediate: 3.0.6
    dev: false

  /localforage@1.10.0:
    resolution: {integrity: sha512-14/H1aX7hzBBmmh7sGPd+AOMkkIrHM3Z1PAyGgZigA1H1p5O5ANnMyWzvpAETtG68/dC4pC0ncy3+PPGzXZHPg==}
    dependencies:
      lie: 3.1.1
    dev: false

  /lodash@4.17.21:
    resolution: {integrity: sha512-v2kDEe57lecTulaDIuNTPy3Ry4gLGJ6Z1O3vE1krgXZNrsQ+LFTGHVxVjcXPs17LhbZVGedAJv8XZ1tvj5FvSg==}
    dev: false

  /loose-envify@1.4.0:
    resolution: {integrity: sha512-lyuxPGr/Wfhrlem2CL/UcnUc1zcqKAImBDzukY7Y5F/yQiNdko6+fRLevlw1HgMySw7f611UIY408EtxRSoK3Q==}
    hasBin: true
    dependencies:
      js-tokens: 4.0.0
    dev: false

  /match-sorter@6.3.1:
    resolution: {integrity: sha512-mxybbo3pPNuA+ZuCUhm5bwNkXrJTbsk5VWbR5wiwz/GC6LIiegBGn2w3O08UG/jdbYLinw51fSQ5xNU1U3MgBw==}
    dependencies:
      '@babel/runtime': 7.21.0
      remove-accents: 0.4.2
    dev: false

  /microseconds@0.2.0:
    resolution: {integrity: sha512-n7DHHMjR1avBbSpsTBj6fmMGh2AGrifVV4e+WYc3Q9lO+xnSZ3NyhcBND3vzzatt05LFhoKFRxrIyklmLlUtyA==}
    dev: false

  /mime-db@1.52.0:
    resolution: {integrity: sha512-sPU4uV7dYlvtWJxwwxHD0PuihVNiE7TyAbQ5SWxDCB9mUYvOgroQOwYQQOKPJ8CIbE+1ETVlOoK1UC2nU3gYvg==}
    engines: {node: '>= 0.6'}
    dev: false

  /mime-types@2.1.35:
    resolution: {integrity: sha512-ZDY+bPm5zTTF+YpCrAU9nK0UgICYPT0QtT1NZWFv4s++TNkcgVaT0g6+4R2uI4MjQjzysHB1zxuWL50hzaeXiw==}
    engines: {node: '>= 0.6'}
    dependencies:
      mime-db: 1.52.0
    dev: false

  /minimatch@3.1.2:
    resolution: {integrity: sha512-J7p63hRiAjw1NDEww1W7i37+ByIrOWO5XQQAzZ3VOcL0PNybwpfmV/N05zFAzwQ9USyEcX6t3UO+K5aqBQOIHw==}
    dependencies:
      brace-expansion: 1.1.11
    dev: false

  /ms@2.0.0:
    resolution: {integrity: sha512-Tpp60P6IUJDTuOq/5Z8cdskzJujfwqfOTkrwIwj7IRISpnkJnT6SyJ4PCPnGMoFjC9ddhal5KVIYtAt97ix05A==}
    dev: false

  /nano-time@1.0.0:
    resolution: {integrity: sha512-flnngywOoQ0lLQOTRNexn2gGSNuM9bKj9RZAWSzhQ+UJYaAFG9bac4DW9VHjUAzrOaIcajHybCTHe/bkvozQqA==}
    dependencies:
      big-integer: 1.6.51
    dev: false

  /nanoid@3.3.6:
    resolution: {integrity: sha512-BGcqMMJuToF7i1rt+2PWSNVnWIkGCU78jBG3RxO/bZlnZPK2Cmi2QaffxGO/2RvWi9sL+FAiRiXMgsyxQ1DIDA==}
    engines: {node: ^10 || ^12 || ^13.7 || ^14 || >=15.0.1}
    hasBin: true
    dev: true

  /next-tick@1.1.0:
    resolution: {integrity: sha512-CXdUiJembsNjuToQvxayPZF9Vqht7hewsvy2sOWafLvi2awflj9mOC6bHIg50orX8IJvWKY9wYQ/zB2kogPslQ==}
    dev: false

  /node-fetch@2.6.7:
    resolution: {integrity: sha512-ZjMPFEfVx5j+y2yF35Kzx5sF7kDzxuDj6ziH4FFbOp87zKDZNx8yExJIb05OGF4Nlt9IHFIMBkRl41VdvcNdbQ==}
    engines: {node: 4.x || >=6.0.0}
    peerDependencies:
      encoding: ^0.1.0
    peerDependenciesMeta:
      encoding:
        optional: true
    dependencies:
      whatwg-url: 5.0.0
    dev: false

  /node-gyp-build@4.6.0:
    resolution: {integrity: sha512-NTZVKn9IylLwUzaKjkas1e4u2DLNcV4rdYagA4PWdPwW87Bi7z+BznyKSRwS/761tV/lzCGXplWsiaMjLqP2zQ==}
    hasBin: true
    dev: false

  /object-path@0.6.0:
    resolution: {integrity: sha512-fxrwsCFi3/p+LeLOAwo/wyRMODZxdGBtUlWRzsEpsUVrisZbEfZ21arxLGfaWfcnqb8oHPNihIb4XPE8CQPN5A==}
    engines: {node: '>=0.8.0'}
    dev: false

  /oblivious-set@1.0.0:
    resolution: {integrity: sha512-z+pI07qxo4c2CulUHCDf9lcqDlMSo72N/4rLUpRXf6fu+q8vjt8y0xS+Tlf8NTJDdTXHbdeO1n3MlbctwEoXZw==}
    dev: false

  /once@1.4.0:
    resolution: {integrity: sha512-lNaJgI+2Q5URQBkccEKHTQOPaXdUxnZZElQTZY0MFUAuaEqe1E+Nyvgdz/aIyNi6Z9MzO5dv1H8n58/GELp3+w==}
    dependencies:
      wrappy: 1.0.2
    dev: false

  /path-is-absolute@1.0.1:
    resolution: {integrity: sha512-AVbw3UJ2e9bq64vSaS9Am0fje1Pa8pbGqTTsmXfaIiMpnr5DlDhfJOuLj9Sf95ZPVDAUerDfEk88MPmPe7UCQg==}
    engines: {node: '>=0.10.0'}
    dev: false

  /path-parse@1.0.7:
    resolution: {integrity: sha512-LDJzPVEEEPR+y48z93A0Ed0yXb8pAByGWo/k5YYdYgpY2/2EsOsksJrq7lOHxryrVOn1ejG6oAp8ahvOIQD8sw==}
    dev: true

  /picocolors@1.0.0:
    resolution: {integrity: sha512-1fygroTLlHu66zi26VoTDv8yRgm0Fccecssto+MhsZ0D/DGW2sm8E8AjW7NU5VVTRt5GxbeZ5qBuJr+HyLYkjQ==}
    dev: true

  /postcss@8.4.21:
    resolution: {integrity: sha512-tP7u/Sn/dVxK2NnruI4H9BG+x+Wxz6oeZ1cJ8P6G/PZY0IKk4k/63TDsQf2kQq3+qoJeLm2kIBUNlZe3zgb4Zg==}
    engines: {node: ^10 || ^12 || >=14}
    dependencies:
      nanoid: 3.3.6
      picocolors: 1.0.0
      source-map-js: 1.0.2
    dev: true

  /proxy-from-env@1.1.0:
    resolution: {integrity: sha512-D+zkORCbA9f1tdWRK0RaCR3GPv50cMxcrz4X8k5LTSUD1Dkw47mKJEZQNunItRTkWwgtaUSo1RVFRIG9ZXiFYg==}
    dev: false

  /react-dom@18.2.0(react@18.2.0):
    resolution: {integrity: sha512-6IMTriUmvsjHUjNtEDudZfuDQUoWXVxKHhlEGSk81n4YFS+r/Kl99wXiwlVXtPBtJenozv2P+hxDsw9eA7Xo6g==}
    peerDependencies:
      react: ^18.2.0
    dependencies:
      loose-envify: 1.4.0
      react: 18.2.0
      scheduler: 0.23.0
    dev: false

  /react-hook-form@7.43.2(react@18.2.0):
    resolution: {integrity: sha512-NvD3Oe2Y9hhqo2R4I4iJigDzSLpdMnzUpNMxlnzTbdiT7NT3BW0GxWCzEtwPudZMUPbZhNcSy1EcGAygyhDORg==}
    engines: {node: '>=12.22.0'}
    peerDependencies:
      react: ^16.8.0 || ^17 || ^18
    dependencies:
      react: 18.2.0
    dev: false

  /react-query@3.39.3(react-dom@18.2.0)(react@18.2.0):
    resolution: {integrity: sha512-nLfLz7GiohKTJDuT4us4X3h/8unOh+00MLb2yJoGTPjxKs2bc1iDhkNx2bd5MKklXnOD3NrVZ+J2UXujA5In4g==}
    peerDependencies:
      react: ^16.8.0 || ^17.0.0 || ^18.0.0
      react-dom: '*'
      react-native: '*'
    peerDependenciesMeta:
      react-dom:
        optional: true
      react-native:
        optional: true
    dependencies:
      '@babel/runtime': 7.21.0
      broadcast-channel: 3.7.0
      match-sorter: 6.3.1
      react: 18.2.0
      react-dom: 18.2.0(react@18.2.0)
    dev: false

  /react-router-dom@6.8.1(react-dom@18.2.0)(react@18.2.0):
    resolution: {integrity: sha512-67EXNfkQgf34P7+PSb6VlBuaacGhkKn3kpE51+P6zYSG2kiRoumXEL6e27zTa9+PGF2MNXbgIUHTVlleLbIcHQ==}
    engines: {node: '>=14'}
    peerDependencies:
      react: '>=16.8'
      react-dom: '>=16.8'
    dependencies:
      '@remix-run/router': 1.3.2
      react: 18.2.0
      react-dom: 18.2.0(react@18.2.0)
      react-router: 6.8.1(react@18.2.0)
    dev: false

  /react-router@6.8.1(react@18.2.0):
    resolution: {integrity: sha512-Jgi8BzAJQ8MkPt8ipXnR73rnD7EmZ0HFFb7jdQU24TynGW1Ooqin2KVDN9voSC+7xhqbbCd2cjGUepb6RObnyg==}
    engines: {node: '>=14'}
    peerDependencies:
      react: '>=16.8'
    dependencies:
      '@remix-run/router': 1.3.2
      react: 18.2.0
    dev: false

  /react@18.2.0:
    resolution: {integrity: sha512-/3IjMdb2L9QbBdWiW5e3P2/npwMBaU9mHCSCUzNln0ZCYbcfTsGbTJrU/kGemdH2IWmB2ioZ+zkxtmq6g09fGQ==}
    engines: {node: '>=0.10.0'}
    dependencies:
      loose-envify: 1.4.0
    dev: false

  /regenerator-runtime@0.13.11:
    resolution: {integrity: sha512-kY1AZVr2Ra+t+piVaJ4gxaFaReZVH40AKNo7UCX6W+dEwBo/2oZJzqfuN1qLq1oL45o56cPaTXELwrTh8Fpggg==}
    dev: false

  /remove-accents@0.4.2:
    resolution: {integrity: sha512-7pXIJqJOq5tFgG1A2Zxti3Ht8jJF337m4sowbuHsW30ZnkQFnDzy9qBNhgzX8ZLW4+UBcXiiR7SwR6pokHsxiA==}
    dev: false

  /resolve@1.22.1:
    resolution: {integrity: sha512-nBpuuYuY5jFsli/JIs1oldw6fOQCBioohqWZg/2hiaOybXOft4lonv85uDOKXdf8rhyK159cxU5cDcK/NKk8zw==}
    hasBin: true
    dependencies:
      is-core-module: 2.11.0
      path-parse: 1.0.7
      supports-preserve-symlinks-flag: 1.0.0
    dev: true

  /rimraf@3.0.2:
    resolution: {integrity: sha512-JZkJMZkAGFFPP2YqXZXPbMlMBgsxzE8ILs4lMIX/2o0L9UBw9O/Y3o6wFw/i9YLapcUJWwqbi3kdxIPdC62TIA==}
    hasBin: true
    dependencies:
      glob: 7.2.3
    dev: false

  /rollup@3.20.2:
    resolution: {integrity: sha512-3zwkBQl7Ai7MFYQE0y1MeQ15+9jsi7XxfrqwTb/9EK8D9C9+//EBR4M+CuA1KODRaNbFez/lWxA5vhEGZp4MUg==}
    engines: {node: '>=14.18.0', npm: '>=8.0.0'}
    hasBin: true
    optionalDependencies:
      fsevents: 2.3.2
    dev: true

  /scheduler@0.23.0:
    resolution: {integrity: sha512-CtuThmgHNg7zIZWAXi3AsyIzA3n4xx7aNyjwC2VJldO2LMVDhFK+63xGqq6CsJH4rTAt6/M+N4GhZiDYPx9eUw==}
    dependencies:
      loose-envify: 1.4.0
    dev: false

  /sort-by@1.2.0:
    resolution: {integrity: sha512-aRyW65r3xMnf4nxJRluCg0H/woJpksU1dQxRtXYzau30sNBOmf5HACpDd9MZDhKh7ALQ5FgSOfMPwZEtUmMqcg==}
    dependencies:
      object-path: 0.6.0
    dev: false

  /source-map-js@1.0.2:
    resolution: {integrity: sha512-R0XvVJ9WusLiqTCEiGCmICCMplcCkIwwR11mOSD9CR5u+IXYdiseeEuXCVAjS54zqwkLcPNnmU4OeJ6tUrWhDw==}
    engines: {node: '>=0.10.0'}
    dev: true

  /supports-preserve-symlinks-flag@1.0.0:
    resolution: {integrity: sha512-ot0WnXS9fgdkgIcePe6RHNk1WA8+muPa6cSjeR3V8K27q9BB1rTE3R1p7Hv0z1ZyAc8s6Vvv8DIyWf681MAt0w==}
    engines: {node: '>= 0.4'}
    dev: true

  /tr46@0.0.3:
    resolution: {integrity: sha512-N3WMsuqV66lT30CrXNbEjx4GEwlow3v6rr4mCcv6prnfwhS01rkgyFdjPNBYd9br7LpXV1+Emh01fHnq2Gdgrw==}
    dev: false

  /type@1.2.0:
    resolution: {integrity: sha512-+5nt5AAniqsCnu2cEQQdpzCAh33kVx8n0VoFidKpB1dVVLAN/F+bgVOqOJqOnEnrhp222clB5p3vUlD+1QAnfg==}
    dev: false

  /type@2.7.2:
    resolution: {integrity: sha512-dzlvlNlt6AXU7EBSfpAscydQ7gXB+pPGsPnfJnZpiNJBDj7IaJzQlBZYGdEi4R9HmPdBv2XmWJ6YUtoTa7lmCw==}
    dev: false

  /typedarray-to-buffer@3.1.5:
    resolution: {integrity: sha512-zdu8XMNEDepKKR+XYOXAVPtWui0ly0NtohUscw+UmaHiAWT8hrV1rr//H6V+0DvJ3OQ19S979M0laLfX8rm82Q==}
    dependencies:
      is-typedarray: 1.0.0
    dev: false

  /typescript@4.9.3:
    resolution: {integrity: sha512-CIfGzTelbKNEnLpLdGFgdyKhG23CKdKgQPOBc+OUNrkJ2vr+KSzsSV5kq5iWhEQbok+quxgGzrAtGWCyU7tHnA==}
    engines: {node: '>=4.2.0'}
    hasBin: true
    dev: true

  /unload@2.2.0:
    resolution: {integrity: sha512-B60uB5TNBLtN6/LsgAf3udH9saB5p7gqJwcFfbOEZ8BcBHnGwCf6G/TGiEqkRAxX7zAFIUtzdrXQSdL3Q/wqNA==}
    dependencies:
      '@babel/runtime': 7.21.0
      detect-node: 2.1.0
    dev: false

  /utf-8-validate@5.0.10:
    resolution: {integrity: sha512-Z6czzLq4u8fPOyx7TU6X3dvUZVvoJmxSQ+IcrlmagKhilxlhZgxPK6C5Jqbkw1IDUmFTM+cz9QDnnLTwDz/2gQ==}
    engines: {node: '>=6.14.2'}
    requiresBuild: true
    dependencies:
      node-gyp-build: 4.6.0
    dev: false

  /vite@4.1.0:
    resolution: {integrity: sha512-YoUKE/9bbK4C8ZeSYMDDEF8H5aypmWUq4WisftDhntR1gkI2zt2SGT/5Wd2xu6ZoVXkCyO3U4844KWG9e4nFoQ==}
    engines: {node: ^14.18.0 || >=16.0.0}
    hasBin: true
    peerDependencies:
      '@types/node': '>= 14'
      less: '*'
      sass: '*'
      stylus: '*'
      sugarss: '*'
      terser: ^5.4.0
    peerDependenciesMeta:
      '@types/node':
        optional: true
      less:
        optional: true
      sass:
        optional: true
      stylus:
        optional: true
      sugarss:
        optional: true
      terser:
        optional: true
    dependencies:
      esbuild: 0.16.17
      postcss: 8.4.21
      resolve: 1.22.1
      rollup: 3.20.2
    optionalDependencies:
      fsevents: 2.3.2
    dev: true

  /webidl-conversions@3.0.1:
    resolution: {integrity: sha512-2JAn3z8AR6rjK8Sm8orRC0h/bcl/DqL7tRPdGZ4I1CjdF+EaMLmYxBHyXuKL849eucPFhvBoxMsflfOb8kxaeQ==}
    dev: false

  /websocket@1.0.34:
    resolution: {integrity: sha512-PRDso2sGwF6kM75QykIesBijKSVceR6jL2G8NGYyq2XrItNC2P5/qL5XeR056GhA+Ly7JMFvJb9I312mJfmqnQ==}
    engines: {node: '>=4.0.0'}
    dependencies:
      bufferutil: 4.0.7
      debug: 2.6.9
      es5-ext: 0.10.62
      typedarray-to-buffer: 3.1.5
      utf-8-validate: 5.0.10
      yaeti: 0.0.6
    transitivePeerDependencies:
      - supports-color
    dev: false

  /whatwg-url@5.0.0:
    resolution: {integrity: sha512-saE57nupxk6v3HY35+jzBwYa0rKSy0XR8JSxZPwgLr7ys0IBzhGviA1/TUGJLmSVqs8pb9AnvICXEuOHLprYTw==}
    dependencies:
      tr46: 0.0.3
      webidl-conversions: 3.0.1
    dev: false

  /wrappy@1.0.2:
    resolution: {integrity: sha512-l4Sp/DRseor9wL6EvV2+TuQn63dMkPjZ/sp9XkghTEbV9KlPS1xUsZ3u7/IQO4wxtcFB4bgpQPRcR3QCvezPcQ==}
    dev: false

  /yaeti@0.0.6:
    resolution: {integrity: sha512-MvQa//+KcZCUkBTIC9blM+CU9J2GzuTytsOUwf2lidtvkx/6gnEp1QvJv34t9vdjhFmha/mUiNDbN0D0mJWdug==}
    engines: {node: '>=0.10.32'}
    dev: false

  github.com/syonfox/GPT-3-Encoder/e2a3f7e402d200a2974e3caf06398c027d5d7aa9:
    resolution: {tarball: https://codeload.github.com/syonfox/GPT-3-Encoder/tar.gz/e2a3f7e402d200a2974e3caf06398c027d5d7aa9}
    name: '@syonfox/gpt-3-encoder'
    version: 1.4.0-rc5
    dev: false
